
Microsoft Visual Studio Solution File, Format Version 12.00
# Visual Studio Version 17
VisualStudioVersion = 17.0.31903.59
MinimumVisualStudioVersion = 10.0.40219.1
Project("{9A19103F-16F7-4668-BE54-9A1E7A4F7556}") = "EmployeeGraphql.API", "EmployeeGraphql.API\EmployeeGraphql.API.csproj", "{5E60757E-55C1-4B3A-B8B4-5604B149FCFE}"
EndProject
Project("{9A19103F-16F7-4668-BE54-9A1E7A4F7556}") = "EmployeeGraphql.Integration.Tests", "EmployeeGraphql.Integration.Tests\EmployeeGraphql.Integration.Tests.csproj", "{DF3B3A71-C688-4098-BB57-C4BCF9114166}"
EndProject
Project("{9A19103F-16F7-4668-BE54-9A1E7A4F7556}") = "EmployeeGraphql.Unit.Tests", "EmployeeGraphql.Unit.Tests\EmployeeGraphql.Unit.Tests.csproj", "{501D8B3F-3066-411F-929D-96996CC68BBE}"
EndProject
Global
	GlobalSection(SolutionConfigurationPlatforms) = preSolution
		Debug|Any CPU = Debug|Any CPU
		Release|Any CPU = Release|Any CPU
	EndGlobalSection
	GlobalSection(ProjectConfigurationPlatforms) = postSolution
		{5E60757E-55C1-4B3A-B8B4-5604B149FCFE}.Debug|Any CPU.ActiveCfg = Debug|Any CPU
		{5E60757E-55C1-4B3A-B8B4-5604B149FCFE}.Debug|Any CPU.Build.0 = Debug|Any CPU
		{5E60757E-55C1-4B3A-B8B4-5604B149FCFE}.Release|Any CPU.ActiveCfg = Release|Any CPU
		{5E60757E-55C1-4B3A-B8B4-5604B149FCFE}.Release|Any CPU.Build.0 = Release|Any CPU
		{DF3B3A71-C688-4098-BB57-C4BCF9114166}.Debug|Any CPU.ActiveCfg = Debug|Any CPU
		{DF3B3A71-C688-4098-BB57-C4BCF9114166}.Debug|Any CPU.Build.0 = Debug|Any CPU
		{DF3B3A71-C688-4098-BB57-C4BCF9114166}.Release|Any CPU.ActiveCfg = Release|Any CPU
		{DF3B3A71-C688-4098-BB57-C4BCF9114166}.Release|Any CPU.Build.0 = Release|Any CPU
		{501D8B3F-3066-411F-929D-96996CC68BBE}.Debug|Any CPU.ActiveCfg = Debug|Any CPU
		{501D8B3F-3066-411F-929D-96996CC68BBE}.Debug|Any CPU.Build.0 = Debug|Any CPU
		{501D8B3F-3066-411F-929D-96996CC68BBE}.Release|Any CPU.ActiveCfg = Release|Any CPU
		{501D8B3F-3066-411F-929D-96996CC68BBE}.Release|Any CPU.Build.0 = Release|Any CPU
	EndGlobalSection
	GlobalSection(SolutionProperties) = preSolution
		HideSolutionNode = FALSE
	EndGlobalSection
EndGlobal
